
Microsoft Visual Studio Solution File, Format Version 12.00
# Visual Studio 14
VisualStudioVersion = 14.0.23107.0
MinimumVisualStudioVersion = 10.0.40219.1
Project("{FAE04EC0-301F-11D3-BF4B-00C04F79EFBC}") = "SquareRoot", "SquareRoot\SquareRoot.csproj", "{6F097F3C-F805-4674-84FF-BB14721B7568}"
EndProject
Project("{FAE04EC0-301F-11D3-BF4B-00C04F79EFBC}") = "EnterNumbers", "EnterNumbers\EnterNumbers.csproj", "{EA12A992-CC43-42D8-83B0-ED7656BF582C}"
EndProject
Global
	GlobalSection(SolutionConfigurationPlatforms) = preSolution
		Debug|Any CPU = Debug|Any CPU
		Release|Any CPU = Release|Any CPU
	EndGlobalSection
	GlobalSection(ProjectConfigurationPlatforms) = postSolution
		{6F097F3C-F805-4674-84FF-BB14721B7568}.Debug|Any CPU.ActiveCfg = Debug|Any CPU
		{6F097F3C-F805-4674-84FF-BB14721B7568}.Debug|Any CPU.Build.0 = Debug|Any CPU
		{6F097F3C-F805-4674-84FF-BB14721B7568}.Release|Any CPU.ActiveCfg = Release|Any CPU
		{6F097F3C-F805-4674-84FF-BB14721B7568}.Release|Any CPU.Build.0 = Release|Any CPU
		{EA12A992-CC43-42D8-83B0-ED7656BF582C}.Debug|Any CPU.ActiveCfg = Debug|Any CPU
		{EA12A992-CC43-42D8-83B0-ED7656BF582C}.Debug|Any CPU.Build.0 = Debug|Any CPU
		{EA12A992-CC43-42D8-83B0-ED7656BF582C}.Release|Any CPU.ActiveCfg = Release|Any CPU
		{EA12A992-CC43-42D8-83B0-ED7656BF582C}.Release|Any CPU.Build.0 = Release|Any CPU
	EndGlobalSection
	GlobalSection(SolutionProperties) = preSolution
		HideSolutionNode = FALSE
	EndGlobalSection
EndGlobal
